{
  "lockfileVersion": 1,
  "configVersion": 1,
  "workspaces": {
    "": {
      "dependencies": {
        "@thi.ng/rle-pack": "^3.2.1",
        "slip": "^1.0.2",
      },
    },
  },
  "packages": {
    "@thi.ng/api": ["@thi.ng/api@8.12.14", "", {}, "sha512-AbVvaZcgAv0jx679MCjmTLUleomngealZVpfloDSA/4KRmCVYc8zuJMEXDKPhTlkaB9PvYg7IdJMW4XDvIFE3w=="],

    "@thi.ng/bitstream": ["@thi.ng/bitstream@2.4.41", "", { "dependencies": { "@thi.ng/errors": "^2.6.3" } }, "sha512-treRzw3+7I1YCuilFtznwT3SGtceS9spUXhyBqeuKNTm4nIfMuvg4fNqx4GgpuS6cGPQNPMUJm0OyzKnSe2Emw=="],

    "@thi.ng/errors": ["@thi.ng/errors@2.6.3", "", {}, "sha512-owkOOKHf7MrAPN2jNpKWDdY/vjtPFiJf6oxZ3jkkhV6ICTu2iY1fXIR2wQ7kVEeybdtb0w24k2PtrU43OYCWdg=="],

    "@thi.ng/rle-pack": ["@thi.ng/rle-pack@3.2.1", "", { "dependencies": { "@thi.ng/api": "^8.12.14", "@thi.ng/bitstream": "^2.4.41", "@thi.ng/errors": "^2.6.3" } }, "sha512-Yv2reOLYm/KzJ8c1U2GLyhFKzWFm88Z3P3TAeoo58OpRjUWKpiwRXOJ91Fl5IO2LPN8WsK/NhupW6B0n/56S9g=="],

    "slip": ["slip@1.0.2", "", {}, "sha512-XrcHe3NAcyD3wO+O4I13RcS4/3AF+S9RvGNj9JhJeS02HyImwD2E3QWLrmn9hBfL+fB6yapagwxRkeyYzhk98g=="],
  }
}
